
Microsoft Visual Studio Solution File, Format Version 12.00
# Visual Studio Version 17
VisualStudioVersion = 17.0.31903.59
MinimumVisualStudioVersion = 10.0.40219.1
Project("{2150E333-8FDC-42A3-9474-1A3956D46DE8}") = "Services", "Services", "{2210923B-74DC-48DC-BA92-C826ADD4F6F7}"
EndProject
Project("{2150E333-8FDC-42A3-9474-1A3956D46DE8}") = "Web", "Web", "{2DB50878-E800-40D9-8153-FCBABCCCB4B0}"
EndProject
Project("{2150E333-8FDC-42A3-9474-1A3956D46DE8}") = "Manager", "Manager", "{3CCEE7D9-EE0C-43E4-B402-DD0C1C382A0E}"
EndProject
Project("{FAE04EC0-301F-11D3-BF4B-00C04F79EFBC}") = "ALC.Docker.Manager.API", "src\Services\Manager\ALC.Docker.Manager.API\ALC.Docker.Manager.API.csproj", "{8E42ED39-3304-45C3-AA37-E05DE9E9B5CE}"
EndProject
Project("{2150E333-8FDC-42A3-9474-1A3956D46DE8}") = "Tests", "Tests", "{41B75BD1-BCAD-487B-91EA-DFE8ADB94D35}"
EndProject
Project("{FAE04EC0-301F-11D3-BF4B-00C04F79EFBC}") = "ALC.Docker.Manager.API.Tests", "src\Tests\ALC.Docker.Manager.API.Tests\ALC.Docker.Manager.API.Tests.csproj", "{B764FEDA-E68C-4E14-B329-D7F5BA8809DB}"
EndProject
Global
	GlobalSection(SolutionConfigurationPlatforms) = preSolution
		Debug|Any CPU = Debug|Any CPU
		Release|Any CPU = Release|Any CPU
	EndGlobalSection
	GlobalSection(ProjectConfigurationPlatforms) = postSolution
		{8E42ED39-3304-45C3-AA37-E05DE9E9B5CE}.Debug|Any CPU.ActiveCfg = Debug|Any CPU
		{8E42ED39-3304-45C3-AA37-E05DE9E9B5CE}.Debug|Any CPU.Build.0 = Debug|Any CPU
		{8E42ED39-3304-45C3-AA37-E05DE9E9B5CE}.Release|Any CPU.ActiveCfg = Release|Any CPU
		{8E42ED39-3304-45C3-AA37-E05DE9E9B5CE}.Release|Any CPU.Build.0 = Release|Any CPU
		{B764FEDA-E68C-4E14-B329-D7F5BA8809DB}.Debug|Any CPU.ActiveCfg = Debug|Any CPU
		{B764FEDA-E68C-4E14-B329-D7F5BA8809DB}.Debug|Any CPU.Build.0 = Debug|Any CPU
		{B764FEDA-E68C-4E14-B329-D7F5BA8809DB}.Release|Any CPU.ActiveCfg = Release|Any CPU
		{B764FEDA-E68C-4E14-B329-D7F5BA8809DB}.Release|Any CPU.Build.0 = Release|Any CPU
	EndGlobalSection
	GlobalSection(SolutionProperties) = preSolution
		HideSolutionNode = FALSE
	EndGlobalSection
	GlobalSection(NestedProjects) = preSolution
		{3CCEE7D9-EE0C-43E4-B402-DD0C1C382A0E} = {2210923B-74DC-48DC-BA92-C826ADD4F6F7}
		{8E42ED39-3304-45C3-AA37-E05DE9E9B5CE} = {3CCEE7D9-EE0C-43E4-B402-DD0C1C382A0E}
		{B764FEDA-E68C-4E14-B329-D7F5BA8809DB} = {41B75BD1-BCAD-487B-91EA-DFE8ADB94D35}
	EndGlobalSection
EndGlobal
